
Microsoft Visual Studio Solution File, Format Version 12.00
# Visual Studio Version 16
VisualStudioVersion = 16.0.29613.14
MinimumVisualStudioVersion = 10.0.40219.1
Project("{FAE04EC0-301F-11D3-BF4B-00C04F79EFBC}") = "MyLeasing.Common", "MyLeasing.Common\MyLeasing.Common.csproj", "{B6F375F4-DB66-4A13-85DA-16303359CC5A}"
EndProject
Project("{FAE04EC0-301F-11D3-BF4B-00C04F79EFBC}") = "MyLeasing.Web", "MyLeasing.Web\MyLeasing.Web.csproj", "{2D0B0448-8875-4FB1-8ECA-60B60A072118}"
EndProject
Global
	GlobalSection(SolutionConfigurationPlatforms) = preSolution
		Debug|Any CPU = Debug|Any CPU
		Release|Any CPU = Release|Any CPU
	EndGlobalSection
	GlobalSection(ProjectConfigurationPlatforms) = postSolution
		{B6F375F4-DB66-4A13-85DA-16303359CC5A}.Debug|Any CPU.ActiveCfg = Debug|Any CPU
		{B6F375F4-DB66-4A13-85DA-16303359CC5A}.Debug|Any CPU.Build.0 = Debug|Any CPU
		{B6F375F4-DB66-4A13-85DA-16303359CC5A}.Release|Any CPU.ActiveCfg = Release|Any CPU
		{B6F375F4-DB66-4A13-85DA-16303359CC5A}.Release|Any CPU.Build.0 = Release|Any CPU
		{2D0B0448-8875-4FB1-8ECA-60B60A072118}.Debug|Any CPU.ActiveCfg = Debug|Any CPU
		{2D0B0448-8875-4FB1-8ECA-60B60A072118}.Debug|Any CPU.Build.0 = Debug|Any CPU
		{2D0B0448-8875-4FB1-8ECA-60B60A072118}.Release|Any CPU.ActiveCfg = Release|Any CPU
		{2D0B0448-8875-4FB1-8ECA-60B60A072118}.Release|Any CPU.Build.0 = Release|Any CPU
	EndGlobalSection
	GlobalSection(SolutionProperties) = preSolution
		HideSolutionNode = FALSE
	EndGlobalSection
	GlobalSection(ExtensibilityGlobals) = postSolution
		SolutionGuid = {54526A3D-11B3-40F6-819C-20F2735B5BC7}
	EndGlobalSection
EndGlobal
